
Microsoft Visual Studio Solution File, Format Version 12.00
Project("{FAE04EC0-301F-11D3-BF4B-00C04F79EFBC}") = "ConsoleApp2", "ConsoleApp2\ConsoleApp2.csproj", "{2CE4BA54-3252-459B-93B4-5A72E6B8FFB2}"
EndProject
Project("{FAE04EC0-301F-11D3-BF4B-00C04F79EFBC}") = "ifelse", "ifelse\ifelse.csproj", "{1376B265-30E8-4E37-9BC9-E35F64B6B319}"
EndProject
Project("{FAE04EC0-301F-11D3-BF4B-00C04F79EFBC}") = "DotnetAPI", "DotnetAPI\DotnetAPI.csproj", "{3AB3927C-30F6-424C-9690-75BE860E0151}"
EndProject
Project("{FAE04EC0-301F-11D3-BF4B-00C04F79EFBC}") = "Array", "Array\Array.csproj", "{9F5B28E6-9388-4AEB-911E-74443DE0A3C3}"
EndProject
Project("{FAE04EC0-301F-11D3-BF4B-00C04F79EFBC}") = "Function", "Function\Function.csproj", "{3F95D383-68F4-450C-8BFB-3EC46352169C}"
EndProject
Project("{FAE04EC0-301F-11D3-BF4B-00C04F79EFBC}") = "Function2", "Function2\Function2.csproj", "{9EBE3EC1-798D-4907-9115-F991083DB9BC}"
EndProject
Project("{FAE04EC0-301F-11D3-BF4B-00C04F79EFBC}") = "StructureType", "StructureType\StructureType.csproj", "{ED1E8171-363F-4EE5-AA89-0CD99D2A2846}"
EndProject
Project("{FAE04EC0-301F-11D3-BF4B-00C04F79EFBC}") = "Enum", "Enum\Enum.csproj", "{7E03BA3B-6216-4476-BB7A-EBF6EC0FC81B}"
EndProject
Project("{FAE04EC0-301F-11D3-BF4B-00C04F79EFBC}") = "Class", "Class\Class.csproj", "{81009ED7-4936-4179-9400-85CF249A74F9}"
EndProject
Project("{FAE04EC0-301F-11D3-BF4B-00C04F79EFBC}") = "StringArray", "StringArray\StringArray.csproj", "{81F084B6-FFCF-4BD8-A523-535A7B24C60A}"
EndProject
Project("{FAE04EC0-301F-11D3-BF4B-00C04F79EFBC}") = "Generic", "Generic\Generic.csproj", "{2A0EDDDA-39BE-4E3F-9CB6-F209B6CEE20A}"
EndProject
Project("{FAE04EC0-301F-11D3-BF4B-00C04F79EFBC}") = "Exception", "Exception\Exception.csproj", "{DE7C1E93-4419-4F3D-BFC8-0982BBF07D9E}"
EndProject
Global
	GlobalSection(SolutionConfigurationPlatforms) = preSolution
		Debug|Any CPU = Debug|Any CPU
		Release|Any CPU = Release|Any CPU
	EndGlobalSection
	GlobalSection(ProjectConfigurationPlatforms) = postSolution
		{2CE4BA54-3252-459B-93B4-5A72E6B8FFB2}.Debug|Any CPU.ActiveCfg = Debug|Any CPU
		{2CE4BA54-3252-459B-93B4-5A72E6B8FFB2}.Debug|Any CPU.Build.0 = Debug|Any CPU
		{2CE4BA54-3252-459B-93B4-5A72E6B8FFB2}.Release|Any CPU.ActiveCfg = Release|Any CPU
		{2CE4BA54-3252-459B-93B4-5A72E6B8FFB2}.Release|Any CPU.Build.0 = Release|Any CPU
		{1376B265-30E8-4E37-9BC9-E35F64B6B319}.Debug|Any CPU.ActiveCfg = Debug|Any CPU
		{1376B265-30E8-4E37-9BC9-E35F64B6B319}.Debug|Any CPU.Build.0 = Debug|Any CPU
		{1376B265-30E8-4E37-9BC9-E35F64B6B319}.Release|Any CPU.ActiveCfg = Release|Any CPU
		{1376B265-30E8-4E37-9BC9-E35F64B6B319}.Release|Any CPU.Build.0 = Release|Any CPU
		{3AB3927C-30F6-424C-9690-75BE860E0151}.Debug|Any CPU.ActiveCfg = Debug|Any CPU
		{3AB3927C-30F6-424C-9690-75BE860E0151}.Debug|Any CPU.Build.0 = Debug|Any CPU
		{3AB3927C-30F6-424C-9690-75BE860E0151}.Release|Any CPU.ActiveCfg = Release|Any CPU
		{3AB3927C-30F6-424C-9690-75BE860E0151}.Release|Any CPU.Build.0 = Release|Any CPU
		{9F5B28E6-9388-4AEB-911E-74443DE0A3C3}.Debug|Any CPU.ActiveCfg = Debug|Any CPU
		{9F5B28E6-9388-4AEB-911E-74443DE0A3C3}.Debug|Any CPU.Build.0 = Debug|Any CPU
		{9F5B28E6-9388-4AEB-911E-74443DE0A3C3}.Release|Any CPU.ActiveCfg = Release|Any CPU
		{9F5B28E6-9388-4AEB-911E-74443DE0A3C3}.Release|Any CPU.Build.0 = Release|Any CPU
		{3F95D383-68F4-450C-8BFB-3EC46352169C}.Debug|Any CPU.ActiveCfg = Debug|Any CPU
		{3F95D383-68F4-450C-8BFB-3EC46352169C}.Debug|Any CPU.Build.0 = Debug|Any CPU
		{3F95D383-68F4-450C-8BFB-3EC46352169C}.Release|Any CPU.ActiveCfg = Release|Any CPU
		{3F95D383-68F4-450C-8BFB-3EC46352169C}.Release|Any CPU.Build.0 = Release|Any CPU
		{9EBE3EC1-798D-4907-9115-F991083DB9BC}.Debug|Any CPU.ActiveCfg = Debug|Any CPU
		{9EBE3EC1-798D-4907-9115-F991083DB9BC}.Debug|Any CPU.Build.0 = Debug|Any CPU
		{9EBE3EC1-798D-4907-9115-F991083DB9BC}.Release|Any CPU.ActiveCfg = Release|Any CPU
		{9EBE3EC1-798D-4907-9115-F991083DB9BC}.Release|Any CPU.Build.0 = Release|Any CPU
		{ED1E8171-363F-4EE5-AA89-0CD99D2A2846}.Debug|Any CPU.ActiveCfg = Debug|Any CPU
		{ED1E8171-363F-4EE5-AA89-0CD99D2A2846}.Debug|Any CPU.Build.0 = Debug|Any CPU
		{ED1E8171-363F-4EE5-AA89-0CD99D2A2846}.Release|Any CPU.ActiveCfg = Release|Any CPU
		{ED1E8171-363F-4EE5-AA89-0CD99D2A2846}.Release|Any CPU.Build.0 = Release|Any CPU
		{7E03BA3B-6216-4476-BB7A-EBF6EC0FC81B}.Debug|Any CPU.ActiveCfg = Debug|Any CPU
		{7E03BA3B-6216-4476-BB7A-EBF6EC0FC81B}.Debug|Any CPU.Build.0 = Debug|Any CPU
		{7E03BA3B-6216-4476-BB7A-EBF6EC0FC81B}.Release|Any CPU.ActiveCfg = Release|Any CPU
		{7E03BA3B-6216-4476-BB7A-EBF6EC0FC81B}.Release|Any CPU.Build.0 = Release|Any CPU
		{81009ED7-4936-4179-9400-85CF249A74F9}.Debug|Any CPU.ActiveCfg = Debug|Any CPU
		{81009ED7-4936-4179-9400-85CF249A74F9}.Debug|Any CPU.Build.0 = Debug|Any CPU
		{81009ED7-4936-4179-9400-85CF249A74F9}.Release|Any CPU.ActiveCfg = Release|Any CPU
		{81009ED7-4936-4179-9400-85CF249A74F9}.Release|Any CPU.Build.0 = Release|Any CPU
		{81F084B6-FFCF-4BD8-A523-535A7B24C60A}.Debug|Any CPU.ActiveCfg = Debug|Any CPU
		{81F084B6-FFCF-4BD8-A523-535A7B24C60A}.Debug|Any CPU.Build.0 = Debug|Any CPU
		{81F084B6-FFCF-4BD8-A523-535A7B24C60A}.Release|Any CPU.ActiveCfg = Release|Any CPU
		{81F084B6-FFCF-4BD8-A523-535A7B24C60A}.Release|Any CPU.Build.0 = Release|Any CPU
		{2A0EDDDA-39BE-4E3F-9CB6-F209B6CEE20A}.Debug|Any CPU.ActiveCfg = Debug|Any CPU
		{2A0EDDDA-39BE-4E3F-9CB6-F209B6CEE20A}.Debug|Any CPU.Build.0 = Debug|Any CPU
		{2A0EDDDA-39BE-4E3F-9CB6-F209B6CEE20A}.Release|Any CPU.ActiveCfg = Release|Any CPU
		{2A0EDDDA-39BE-4E3F-9CB6-F209B6CEE20A}.Release|Any CPU.Build.0 = Release|Any CPU
		{DE7C1E93-4419-4F3D-BFC8-0982BBF07D9E}.Debug|Any CPU.ActiveCfg = Debug|Any CPU
		{DE7C1E93-4419-4F3D-BFC8-0982BBF07D9E}.Debug|Any CPU.Build.0 = Debug|Any CPU
		{DE7C1E93-4419-4F3D-BFC8-0982BBF07D9E}.Release|Any CPU.ActiveCfg = Release|Any CPU
		{DE7C1E93-4419-4F3D-BFC8-0982BBF07D9E}.Release|Any CPU.Build.0 = Release|Any CPU
	EndGlobalSection
EndGlobal
